
Microsoft Visual Studio Solution File, Format Version 12.00
# Visual Studio 15
VisualStudioVersion = 15.0.27130.2003
MinimumVisualStudioVersion = 10.0.40219.1
Project("{9A19103F-16F7-4668-BE54-9A1E7A4F7556}") = "DkmsCore.Crm.Customer", "DkmsCore.Crm.Customer\DkmsCore.Crm.Customer.csproj", "{36D7C306-1F25-4F07-95F0-BA30571994AE}"
EndProject
Project("{9A19103F-16F7-4668-BE54-9A1E7A4F7556}") = "DkmsCore.Eureka", "DkmsCore.Eureka\DkmsCore.Eureka.csproj", "{F91E3604-55F8-4FC1-B4E7-A9F85848549B}"
EndProject
Project("{9A19103F-16F7-4668-BE54-9A1E7A4F7556}") = "DkmsCore.Gateway", "DkmsCore.Gateway\DkmsCore.Gateway.csproj", "{5AE2E91A-7898-4BA6-A55E-ED1BCCEEE74D}"
EndProject
Project("{9A19103F-16F7-4668-BE54-9A1E7A4F7556}") = "DkmsCore.Eureka.Core", "DkmsCore.Eureka.Core\DkmsCore.Eureka.Core.csproj", "{60CA9940-A232-485F-8D0D-460AA1DD313F}"
EndProject
Project("{9A19103F-16F7-4668-BE54-9A1E7A4F7556}") = "DkmsCore.Thanos", "DkmsCore.Thanos\DkmsCore.Thanos.csproj", "{66C88DA2-A3B0-4D10-9EAC-2A9FEE5B34A3}"
EndProject
Project("{9A19103F-16F7-4668-BE54-9A1E7A4F7556}") = "DkmsCore.StarLord", "DkmsCore.StarLord\DkmsCore.StarLord.csproj", "{73B858C0-09BB-47B9-9B6F-85BD69A2D7F7}"
EndProject
Project("{9A19103F-16F7-4668-BE54-9A1E7A4F7556}") = "DkmsCore.Avengers", "DkmsCore.Avengers\DkmsCore.Avengers.csproj", "{E8C978D8-2062-4D19-A375-92CF8470F1F7}"
EndProject
Project("{9A19103F-16F7-4668-BE54-9A1E7A4F7556}") = "DkmsCore.Hulk", "DkmsCore.Hulk\DkmsCore.Hulk.csproj", "{BCCDB601-C23D-4ACA-8AF1-B5CBA2E79A19}"
EndProject
Project("{FAE04EC0-301F-11D3-BF4B-00C04F79EFBC}") = "DkmsCore.Thor", "DkmsCore.Thor\DkmsCore.Thor.csproj", "{ACD36D72-4E5C-4783-8E01-DC1403DA08F4}"
EndProject
Project("{FAE04EC0-301F-11D3-BF4B-00C04F79EFBC}") = "DkmsCore.Loki", "DkmsCore.Loki\DkmsCore.Loki.csproj", "{7C40DB72-7113-4004-A8CD-2113819F6682}"
EndProject
Global
	GlobalSection(SolutionConfigurationPlatforms) = preSolution
		Debug|Any CPU = Debug|Any CPU
		Release|Any CPU = Release|Any CPU
	EndGlobalSection
	GlobalSection(ProjectConfigurationPlatforms) = postSolution
		{36D7C306-1F25-4F07-95F0-BA30571994AE}.Debug|Any CPU.ActiveCfg = Debug|Any CPU
		{36D7C306-1F25-4F07-95F0-BA30571994AE}.Debug|Any CPU.Build.0 = Debug|Any CPU
		{36D7C306-1F25-4F07-95F0-BA30571994AE}.Release|Any CPU.ActiveCfg = Release|Any CPU
		{36D7C306-1F25-4F07-95F0-BA30571994AE}.Release|Any CPU.Build.0 = Release|Any CPU
		{F91E3604-55F8-4FC1-B4E7-A9F85848549B}.Debug|Any CPU.ActiveCfg = Debug|Any CPU
		{F91E3604-55F8-4FC1-B4E7-A9F85848549B}.Debug|Any CPU.Build.0 = Debug|Any CPU
		{F91E3604-55F8-4FC1-B4E7-A9F85848549B}.Release|Any CPU.ActiveCfg = Release|Any CPU
		{F91E3604-55F8-4FC1-B4E7-A9F85848549B}.Release|Any CPU.Build.0 = Release|Any CPU
		{5AE2E91A-7898-4BA6-A55E-ED1BCCEEE74D}.Debug|Any CPU.ActiveCfg = Debug|Any CPU
		{5AE2E91A-7898-4BA6-A55E-ED1BCCEEE74D}.Debug|Any CPU.Build.0 = Debug|Any CPU
		{5AE2E91A-7898-4BA6-A55E-ED1BCCEEE74D}.Release|Any CPU.ActiveCfg = Release|Any CPU
		{5AE2E91A-7898-4BA6-A55E-ED1BCCEEE74D}.Release|Any CPU.Build.0 = Release|Any CPU
		{60CA9940-A232-485F-8D0D-460AA1DD313F}.Debug|Any CPU.ActiveCfg = Debug|Any CPU
		{60CA9940-A232-485F-8D0D-460AA1DD313F}.Debug|Any CPU.Build.0 = Debug|Any CPU
		{60CA9940-A232-485F-8D0D-460AA1DD313F}.Release|Any CPU.ActiveCfg = Release|Any CPU
		{60CA9940-A232-485F-8D0D-460AA1DD313F}.Release|Any CPU.Build.0 = Release|Any CPU
		{66C88DA2-A3B0-4D10-9EAC-2A9FEE5B34A3}.Debug|Any CPU.ActiveCfg = Debug|Any CPU
		{66C88DA2-A3B0-4D10-9EAC-2A9FEE5B34A3}.Debug|Any CPU.Build.0 = Debug|Any CPU
		{66C88DA2-A3B0-4D10-9EAC-2A9FEE5B34A3}.Release|Any CPU.ActiveCfg = Release|Any CPU
		{66C88DA2-A3B0-4D10-9EAC-2A9FEE5B34A3}.Release|Any CPU.Build.0 = Release|Any CPU
		{73B858C0-09BB-47B9-9B6F-85BD69A2D7F7}.Debug|Any CPU.ActiveCfg = Debug|Any CPU
		{73B858C0-09BB-47B9-9B6F-85BD69A2D7F7}.Debug|Any CPU.Build.0 = Debug|Any CPU
		{73B858C0-09BB-47B9-9B6F-85BD69A2D7F7}.Release|Any CPU.ActiveCfg = Release|Any CPU
		{73B858C0-09BB-47B9-9B6F-85BD69A2D7F7}.Release|Any CPU.Build.0 = Release|Any CPU
		{E8C978D8-2062-4D19-A375-92CF8470F1F7}.Debug|Any CPU.ActiveCfg = Debug|Any CPU
		{E8C978D8-2062-4D19-A375-92CF8470F1F7}.Debug|Any CPU.Build.0 = Debug|Any CPU
		{E8C978D8-2062-4D19-A375-92CF8470F1F7}.Release|Any CPU.ActiveCfg = Release|Any CPU
		{E8C978D8-2062-4D19-A375-92CF8470F1F7}.Release|Any CPU.Build.0 = Release|Any CPU
		{BCCDB601-C23D-4ACA-8AF1-B5CBA2E79A19}.Debug|Any CPU.ActiveCfg = Debug|Any CPU
		{BCCDB601-C23D-4ACA-8AF1-B5CBA2E79A19}.Debug|Any CPU.Build.0 = Debug|Any CPU
		{BCCDB601-C23D-4ACA-8AF1-B5CBA2E79A19}.Release|Any CPU.ActiveCfg = Release|Any CPU
		{BCCDB601-C23D-4ACA-8AF1-B5CBA2E79A19}.Release|Any CPU.Build.0 = Release|Any CPU
		{ACD36D72-4E5C-4783-8E01-DC1403DA08F4}.Debug|Any CPU.ActiveCfg = Debug|Any CPU
		{ACD36D72-4E5C-4783-8E01-DC1403DA08F4}.Debug|Any CPU.Build.0 = Debug|Any CPU
		{ACD36D72-4E5C-4783-8E01-DC1403DA08F4}.Release|Any CPU.ActiveCfg = Release|Any CPU
		{ACD36D72-4E5C-4783-8E01-DC1403DA08F4}.Release|Any CPU.Build.0 = Release|Any CPU
		{7C40DB72-7113-4004-A8CD-2113819F6682}.Debug|Any CPU.ActiveCfg = Debug|Any CPU
		{7C40DB72-7113-4004-A8CD-2113819F6682}.Debug|Any CPU.Build.0 = Debug|Any CPU
		{7C40DB72-7113-4004-A8CD-2113819F6682}.Release|Any CPU.ActiveCfg = Release|Any CPU
		{7C40DB72-7113-4004-A8CD-2113819F6682}.Release|Any CPU.Build.0 = Release|Any CPU
	EndGlobalSection
	GlobalSection(SolutionProperties) = preSolution
		HideSolutionNode = FALSE
	EndGlobalSection
	GlobalSection(ExtensibilityGlobals) = postSolution
		SolutionGuid = {3D6639DB-94E8-4385-BE35-9949D1522AFB}
	EndGlobalSection
EndGlobal
