
Microsoft Visual Studio Solution File, Format Version 12.00
# Visual Studio 15
VisualStudioVersion = 15.0.27130.2003
MinimumVisualStudioVersion = 10.0.40219.1
Project("{FAE04EC0-301F-11D3-BF4B-00C04F79EFBC}") = "DataKeeper.Cloud", "DataKeeper.Cloud\DataKeeper.Cloud.csproj", "{5413AB35-E3FE-4646-9FE7-37916822922D}"
EndProject
Project("{FAE04EC0-301F-11D3-BF4B-00C04F79EFBC}") = "DataKeeper.Console", "DataKeeper.Console\DataKeeper.Console.csproj", "{4DFBD24E-44E6-4C1A-9D0B-F9305CB9D568}"
EndProject
Project("{FAE04EC0-301F-11D3-BF4B-00C04F79EFBC}") = "DataKeeper.Manager", "DataKeeper.Manager\DataKeeper.Manager.csproj", "{09DD85AA-B3B2-4736-A9D5-07FF5761DC4A}"
EndProject
Project("{FAE04EC0-301F-11D3-BF4B-00C04F79EFBC}") = "DataKeeper.Framework", "DataKeeper.Framework\DataKeeper.Framework.csproj", "{464A5E96-6D83-46DD-A118-BECCCFD74366}"
EndProject
Project("{FAE04EC0-301F-11D3-BF4B-00C04F79EFBC}") = "DataKeeper.Infrustructure", "DataKeeper.Infrustructure\DataKeeper.Infrustructure.csproj", "{436E21EC-04E3-47B1-A9E4-45B211A59675}"
EndProject
Project("{FAE04EC0-301F-11D3-BF4B-00C04F79EFBC}") = "DataKeeper.Crm.Customer", "DataKeeper.Crm.Customer\DataKeeper.Crm.Customer.csproj", "{BE9295D1-93F7-4336-A30A-F8A864141678}"
EndProject
Project("{FAE04EC0-301F-11D3-BF4B-00C04F79EFBC}") = "DataKeeper.Oms.Order", "DataKeeper.Oms.Order\DataKeeper.Oms.Order.csproj", "{F7A55D15-6ADC-44F8-A940-47034451437E}"
EndProject
Project("{FAE04EC0-301F-11D3-BF4B-00C04F79EFBC}") = "DataKeeper.Framework.Webapi", "DataKeeper.Framework.Webapi\DataKeeper.Framework.Webapi.csproj", "{A368403A-8A0E-4861-8CCC-10B346A4E385}"
EndProject
Project("{FAE04EC0-301F-11D3-BF4B-00C04F79EFBC}") = "DataKeeper.Ums.User", "DataKeeper.Ums.User\DataKeeper.Ums.User.csproj", "{7F284815-56CB-4593-A965-94410BEFE367}"
EndProject
Project("{FAE04EC0-301F-11D3-BF4B-00C04F79EFBC}") = "DkCloud.Gateway", "DkCloud.Gateway\DkCloud.Gateway.csproj", "{822C37FF-C70C-4576-B948-960D24EB9448}"
EndProject
Project("{FAE04EC0-301F-11D3-BF4B-00C04F79EFBC}") = "DkCloud.Route", "DkCloud.Route\DkCloud.Route.csproj", "{0C9E0F33-CDFA-441B-A5F9-1713366F04CE}"
EndProject
Project("{FAE04EC0-301F-11D3-BF4B-00C04F79EFBC}") = "DkCloud.Config", "DkCloud.Config\DkCloud.Config.csproj", "{CB24A793-9484-4181-889F-D1F7AD2BFD1A}"
EndProject
Project("{FAE04EC0-301F-11D3-BF4B-00C04F79EFBC}") = "DkCloud.Logs", "DkCloud.Logs\DkCloud.Logs.csproj", "{EAEE2D61-C71E-4642-AA04-D430C21DB517}"
EndProject
Project("{FAE04EC0-301F-11D3-BF4B-00C04F79EFBC}") = "DkCloud.Bus", "DkCloud.Bus\DkCloud.Bus.csproj", "{06A5670D-B26D-4A84-9BC6-9F598829065B}"
EndProject
Project("{FAE04EC0-301F-11D3-BF4B-00C04F79EFBC}") = "DkCloud.Eureka", "DkCloud.Eureka\DkCloud.Eureka.csproj", "{36D5515D-4C0E-4D06-98AE-B013F4629000}"
EndProject
Project("{FAE04EC0-301F-11D3-BF4B-00C04F79EFBC}") = "DkCloud.Repository", "DkCloud.Repository\DkCloud.Repository.csproj", "{C682DA2D-3F3E-48E2-B7BF-9F3BD30D5021}"
EndProject
Project("{FAE04EC0-301F-11D3-BF4B-00C04F79EFBC}") = "DkCloud.Auth", "DkCloud.Auth\DkCloud.Auth.csproj", "{683C9F79-9614-4AC3-810F-E6C916B242F8}"
EndProject
Project("{FAE04EC0-301F-11D3-BF4B-00C04F79EFBC}") = "DKCloud.Tools", "DKCloud.Tools\DKCloud.Tools.csproj", "{EBD2319F-9D3E-461C-B8E5-C8FDB1270F27}"
EndProject
Global
	GlobalSection(SolutionConfigurationPlatforms) = preSolution
		Debug|Any CPU = Debug|Any CPU
		Release|Any CPU = Release|Any CPU
	EndGlobalSection
	GlobalSection(ProjectConfigurationPlatforms) = postSolution
		{5413AB35-E3FE-4646-9FE7-37916822922D}.Debug|Any CPU.ActiveCfg = Debug|Any CPU
		{5413AB35-E3FE-4646-9FE7-37916822922D}.Debug|Any CPU.Build.0 = Debug|Any CPU
		{5413AB35-E3FE-4646-9FE7-37916822922D}.Release|Any CPU.ActiveCfg = Release|Any CPU
		{5413AB35-E3FE-4646-9FE7-37916822922D}.Release|Any CPU.Build.0 = Release|Any CPU
		{4DFBD24E-44E6-4C1A-9D0B-F9305CB9D568}.Debug|Any CPU.ActiveCfg = Debug|Any CPU
		{4DFBD24E-44E6-4C1A-9D0B-F9305CB9D568}.Debug|Any CPU.Build.0 = Debug|Any CPU
		{4DFBD24E-44E6-4C1A-9D0B-F9305CB9D568}.Release|Any CPU.ActiveCfg = Release|Any CPU
		{4DFBD24E-44E6-4C1A-9D0B-F9305CB9D568}.Release|Any CPU.Build.0 = Release|Any CPU
		{09DD85AA-B3B2-4736-A9D5-07FF5761DC4A}.Debug|Any CPU.ActiveCfg = Debug|Any CPU
		{09DD85AA-B3B2-4736-A9D5-07FF5761DC4A}.Debug|Any CPU.Build.0 = Debug|Any CPU
		{09DD85AA-B3B2-4736-A9D5-07FF5761DC4A}.Release|Any CPU.ActiveCfg = Release|Any CPU
		{09DD85AA-B3B2-4736-A9D5-07FF5761DC4A}.Release|Any CPU.Build.0 = Release|Any CPU
		{464A5E96-6D83-46DD-A118-BECCCFD74366}.Debug|Any CPU.ActiveCfg = Debug|Any CPU
		{464A5E96-6D83-46DD-A118-BECCCFD74366}.Debug|Any CPU.Build.0 = Debug|Any CPU
		{464A5E96-6D83-46DD-A118-BECCCFD74366}.Release|Any CPU.ActiveCfg = Release|Any CPU
		{464A5E96-6D83-46DD-A118-BECCCFD74366}.Release|Any CPU.Build.0 = Release|Any CPU
		{436E21EC-04E3-47B1-A9E4-45B211A59675}.Debug|Any CPU.ActiveCfg = Debug|Any CPU
		{436E21EC-04E3-47B1-A9E4-45B211A59675}.Debug|Any CPU.Build.0 = Debug|Any CPU
		{436E21EC-04E3-47B1-A9E4-45B211A59675}.Release|Any CPU.ActiveCfg = Release|Any CPU
		{436E21EC-04E3-47B1-A9E4-45B211A59675}.Release|Any CPU.Build.0 = Release|Any CPU
		{BE9295D1-93F7-4336-A30A-F8A864141678}.Debug|Any CPU.ActiveCfg = Debug|Any CPU
		{BE9295D1-93F7-4336-A30A-F8A864141678}.Debug|Any CPU.Build.0 = Debug|Any CPU
		{BE9295D1-93F7-4336-A30A-F8A864141678}.Release|Any CPU.ActiveCfg = Release|Any CPU
		{BE9295D1-93F7-4336-A30A-F8A864141678}.Release|Any CPU.Build.0 = Release|Any CPU
		{F7A55D15-6ADC-44F8-A940-47034451437E}.Debug|Any CPU.ActiveCfg = Debug|Any CPU
		{F7A55D15-6ADC-44F8-A940-47034451437E}.Debug|Any CPU.Build.0 = Debug|Any CPU
		{F7A55D15-6ADC-44F8-A940-47034451437E}.Release|Any CPU.ActiveCfg = Release|Any CPU
		{F7A55D15-6ADC-44F8-A940-47034451437E}.Release|Any CPU.Build.0 = Release|Any CPU
		{A368403A-8A0E-4861-8CCC-10B346A4E385}.Debug|Any CPU.ActiveCfg = Debug|Any CPU
		{A368403A-8A0E-4861-8CCC-10B346A4E385}.Debug|Any CPU.Build.0 = Debug|Any CPU
		{A368403A-8A0E-4861-8CCC-10B346A4E385}.Release|Any CPU.ActiveCfg = Release|Any CPU
		{A368403A-8A0E-4861-8CCC-10B346A4E385}.Release|Any CPU.Build.0 = Release|Any CPU
		{7F284815-56CB-4593-A965-94410BEFE367}.Debug|Any CPU.ActiveCfg = Debug|Any CPU
		{7F284815-56CB-4593-A965-94410BEFE367}.Debug|Any CPU.Build.0 = Debug|Any CPU
		{7F284815-56CB-4593-A965-94410BEFE367}.Release|Any CPU.ActiveCfg = Release|Any CPU
		{7F284815-56CB-4593-A965-94410BEFE367}.Release|Any CPU.Build.0 = Release|Any CPU
		{822C37FF-C70C-4576-B948-960D24EB9448}.Debug|Any CPU.ActiveCfg = Debug|Any CPU
		{822C37FF-C70C-4576-B948-960D24EB9448}.Debug|Any CPU.Build.0 = Debug|Any CPU
		{822C37FF-C70C-4576-B948-960D24EB9448}.Release|Any CPU.ActiveCfg = Release|Any CPU
		{822C37FF-C70C-4576-B948-960D24EB9448}.Release|Any CPU.Build.0 = Release|Any CPU
		{0C9E0F33-CDFA-441B-A5F9-1713366F04CE}.Debug|Any CPU.ActiveCfg = Debug|Any CPU
		{0C9E0F33-CDFA-441B-A5F9-1713366F04CE}.Debug|Any CPU.Build.0 = Debug|Any CPU
		{0C9E0F33-CDFA-441B-A5F9-1713366F04CE}.Release|Any CPU.ActiveCfg = Release|Any CPU
		{0C9E0F33-CDFA-441B-A5F9-1713366F04CE}.Release|Any CPU.Build.0 = Release|Any CPU
		{CB24A793-9484-4181-889F-D1F7AD2BFD1A}.Debug|Any CPU.ActiveCfg = Debug|Any CPU
		{CB24A793-9484-4181-889F-D1F7AD2BFD1A}.Debug|Any CPU.Build.0 = Debug|Any CPU
		{CB24A793-9484-4181-889F-D1F7AD2BFD1A}.Release|Any CPU.ActiveCfg = Release|Any CPU
		{CB24A793-9484-4181-889F-D1F7AD2BFD1A}.Release|Any CPU.Build.0 = Release|Any CPU
		{EAEE2D61-C71E-4642-AA04-D430C21DB517}.Debug|Any CPU.ActiveCfg = Debug|Any CPU
		{EAEE2D61-C71E-4642-AA04-D430C21DB517}.Debug|Any CPU.Build.0 = Debug|Any CPU
		{EAEE2D61-C71E-4642-AA04-D430C21DB517}.Release|Any CPU.ActiveCfg = Release|Any CPU
		{EAEE2D61-C71E-4642-AA04-D430C21DB517}.Release|Any CPU.Build.0 = Release|Any CPU
		{06A5670D-B26D-4A84-9BC6-9F598829065B}.Debug|Any CPU.ActiveCfg = Debug|Any CPU
		{06A5670D-B26D-4A84-9BC6-9F598829065B}.Debug|Any CPU.Build.0 = Debug|Any CPU
		{06A5670D-B26D-4A84-9BC6-9F598829065B}.Release|Any CPU.ActiveCfg = Release|Any CPU
		{06A5670D-B26D-4A84-9BC6-9F598829065B}.Release|Any CPU.Build.0 = Release|Any CPU
		{36D5515D-4C0E-4D06-98AE-B013F4629000}.Debug|Any CPU.ActiveCfg = Debug|Any CPU
		{36D5515D-4C0E-4D06-98AE-B013F4629000}.Debug|Any CPU.Build.0 = Debug|Any CPU
		{36D5515D-4C0E-4D06-98AE-B013F4629000}.Release|Any CPU.ActiveCfg = Release|Any CPU
		{36D5515D-4C0E-4D06-98AE-B013F4629000}.Release|Any CPU.Build.0 = Release|Any CPU
		{C682DA2D-3F3E-48E2-B7BF-9F3BD30D5021}.Debug|Any CPU.ActiveCfg = Debug|Any CPU
		{C682DA2D-3F3E-48E2-B7BF-9F3BD30D5021}.Debug|Any CPU.Build.0 = Debug|Any CPU
		{C682DA2D-3F3E-48E2-B7BF-9F3BD30D5021}.Release|Any CPU.ActiveCfg = Release|Any CPU
		{C682DA2D-3F3E-48E2-B7BF-9F3BD30D5021}.Release|Any CPU.Build.0 = Release|Any CPU
		{683C9F79-9614-4AC3-810F-E6C916B242F8}.Debug|Any CPU.ActiveCfg = Debug|Any CPU
		{683C9F79-9614-4AC3-810F-E6C916B242F8}.Debug|Any CPU.Build.0 = Debug|Any CPU
		{683C9F79-9614-4AC3-810F-E6C916B242F8}.Release|Any CPU.ActiveCfg = Release|Any CPU
		{683C9F79-9614-4AC3-810F-E6C916B242F8}.Release|Any CPU.Build.0 = Release|Any CPU
		{EBD2319F-9D3E-461C-B8E5-C8FDB1270F27}.Debug|Any CPU.ActiveCfg = Debug|Any CPU
		{EBD2319F-9D3E-461C-B8E5-C8FDB1270F27}.Debug|Any CPU.Build.0 = Debug|Any CPU
		{EBD2319F-9D3E-461C-B8E5-C8FDB1270F27}.Release|Any CPU.ActiveCfg = Release|Any CPU
		{EBD2319F-9D3E-461C-B8E5-C8FDB1270F27}.Release|Any CPU.Build.0 = Release|Any CPU
	EndGlobalSection
	GlobalSection(SolutionProperties) = preSolution
		HideSolutionNode = FALSE
	EndGlobalSection
	GlobalSection(ExtensibilityGlobals) = postSolution
		SolutionGuid = {FCFF183A-0406-4763-8F4D-4948D1DA0AE6}
	EndGlobalSection
EndGlobal
