
Microsoft Visual Studio Solution File, Format Version 12.00
# Visual Studio 15
VisualStudioVersion = 15.0.27130.2003
MinimumVisualStudioVersion = 10.0.40219.1
Project("{FAE04EC0-301F-11D3-BF4B-00C04F79EFBC}") = "DataKeeper.Cloud", "DataKeeper.Cloud\DataKeeper.Cloud.csproj", "{5413AB35-E3FE-4646-9FE7-37916822922D}"
EndProject
Project("{FAE04EC0-301F-11D3-BF4B-00C04F79EFBC}") = "DataKeeper.Console", "DataKeeper.Console\DataKeeper.Console.csproj", "{4DFBD24E-44E6-4C1A-9D0B-F9305CB9D568}"
EndProject
Project("{FAE04EC0-301F-11D3-BF4B-00C04F79EFBC}") = "DataKeeper.Manager", "DataKeeper.Manager\DataKeeper.Manager.csproj", "{09DD85AA-B3B2-4736-A9D5-07FF5761DC4A}"
EndProject
Project("{FAE04EC0-301F-11D3-BF4B-00C04F79EFBC}") = "DataKeeper.Framework", "DataKeeper.Framework\DataKeeper.Framework.csproj", "{464A5E96-6D83-46DD-A118-BECCCFD74366}"
EndProject
Project("{FAE04EC0-301F-11D3-BF4B-00C04F79EFBC}") = "DataKeeper.Crm.Customer", "DataKeeper.Crm.Customer\DataKeeper.Crm.Customer.csproj", "{BE9295D1-93F7-4336-A30A-F8A864141678}"
EndProject
Project("{FAE04EC0-301F-11D3-BF4B-00C04F79EFBC}") = "DataKeeper.Oms.Order", "DataKeeper.Oms.Order\DataKeeper.Oms.Order.csproj", "{F7A55D15-6ADC-44F8-A940-47034451437E}"
EndProject
Project("{FAE04EC0-301F-11D3-BF4B-00C04F79EFBC}") = "DataKeeper.Framework.Webapi", "DataKeeper.Framework.Webapi\DataKeeper.Framework.Webapi.csproj", "{A368403A-8A0E-4861-8CCC-10B346A4E385}"
EndProject
Project("{FAE04EC0-301F-11D3-BF4B-00C04F79EFBC}") = "DataKeeper.Ums.User", "DataKeeper.Ums.User\DataKeeper.Ums.User.csproj", "{7F284815-56CB-4593-A965-94410BEFE367}"
EndProject
Project("{FAE04EC0-301F-11D3-BF4B-00C04F79EFBC}") = "Dkms.Gateway", "Dkms.Gateway\Dkms.Gateway.csproj", "{491A477B-048B-4224-A62A-46D051CE35FE}"
EndProject
Project("{FAE04EC0-301F-11D3-BF4B-00C04F79EFBC}") = "Dkms.Auth", "Dkms.Auth\Dkms.Auth.csproj", "{CD64B761-5BF5-4CAB-82DD-35FF44777D2B}"
EndProject
Project("{FAE04EC0-301F-11D3-BF4B-00C04F79EFBC}") = "Dkms.Repository", "Dkms.Repository\Dkms.Repository.csproj", "{757D53C8-91CE-4D69-BB3F-CB70325EC5DE}"
EndProject
Project("{FAE04EC0-301F-11D3-BF4B-00C04F79EFBC}") = "Dkms.Route", "Dkms.Route\Dkms.Route.csproj", "{5EE8D0EC-3D7E-4733-A852-351247EC5D1A}"
EndProject
Project("{FAE04EC0-301F-11D3-BF4B-00C04F79EFBC}") = "Dkms.Logs", "Dkms.Logs\Dkms.Logs.csproj", "{5640E0AA-5D32-4DEB-9259-61628AACCB7D}"
EndProject
Project("{FAE04EC0-301F-11D3-BF4B-00C04F79EFBC}") = "Dkms.Configs", "Dkms.Configs\Dkms.Configs.csproj", "{3516B0D7-EAE4-4A58-B2D2-3B1A5316DFBA}"
EndProject
Project("{FAE04EC0-301F-11D3-BF4B-00C04F79EFBC}") = "Dkms.Eureka", "Dkms.Eureka\Dkms.Eureka.csproj", "{E15EB5A3-E2CB-4824-B3D0-5CC2E7CE2EB5}"
EndProject
Project("{FAE04EC0-301F-11D3-BF4B-00C04F79EFBC}") = "Dkms.Hystrix", "Dkms.Hystrix\Dkms.Hystrix.csproj", "{4B12BF02-3325-4D96-8ED8-A2075A552D17}"
EndProject
Project("{FAE04EC0-301F-11D3-BF4B-00C04F79EFBC}") = "Dkms.Gateway.Api", "Dkms.Gateway.Api\Dkms.Gateway.Api.csproj", "{92670A46-4DAB-4BDD-A44F-0648489F978F}"
EndProject
Project("{FAE04EC0-301F-11D3-BF4B-00C04F79EFBC}") = "Dkms.Tools", "Dkms.Tools\Dkms.Tools.csproj", "{A499C59F-36FE-4D09-BA0B-CE562B1F59B3}"
EndProject
Project("{FAE04EC0-301F-11D3-BF4B-00C04F79EFBC}") = "Dkms.Business.Base", "Dkms.Business.Base\Dkms.Business.Base.csproj", "{2E3C0D9D-3B6D-43B1-A1A0-447D81507B1E}"
EndProject
Global
	GlobalSection(SolutionConfigurationPlatforms) = preSolution
		Debug|Any CPU = Debug|Any CPU
		Release|Any CPU = Release|Any CPU
	EndGlobalSection
	GlobalSection(ProjectConfigurationPlatforms) = postSolution
		{5413AB35-E3FE-4646-9FE7-37916822922D}.Debug|Any CPU.ActiveCfg = Debug|Any CPU
		{5413AB35-E3FE-4646-9FE7-37916822922D}.Debug|Any CPU.Build.0 = Debug|Any CPU
		{5413AB35-E3FE-4646-9FE7-37916822922D}.Release|Any CPU.ActiveCfg = Release|Any CPU
		{5413AB35-E3FE-4646-9FE7-37916822922D}.Release|Any CPU.Build.0 = Release|Any CPU
		{4DFBD24E-44E6-4C1A-9D0B-F9305CB9D568}.Debug|Any CPU.ActiveCfg = Debug|Any CPU
		{4DFBD24E-44E6-4C1A-9D0B-F9305CB9D568}.Debug|Any CPU.Build.0 = Debug|Any CPU
		{4DFBD24E-44E6-4C1A-9D0B-F9305CB9D568}.Release|Any CPU.ActiveCfg = Release|Any CPU
		{4DFBD24E-44E6-4C1A-9D0B-F9305CB9D568}.Release|Any CPU.Build.0 = Release|Any CPU
		{09DD85AA-B3B2-4736-A9D5-07FF5761DC4A}.Debug|Any CPU.ActiveCfg = Debug|Any CPU
		{09DD85AA-B3B2-4736-A9D5-07FF5761DC4A}.Debug|Any CPU.Build.0 = Debug|Any CPU
		{09DD85AA-B3B2-4736-A9D5-07FF5761DC4A}.Release|Any CPU.ActiveCfg = Release|Any CPU
		{09DD85AA-B3B2-4736-A9D5-07FF5761DC4A}.Release|Any CPU.Build.0 = Release|Any CPU
		{464A5E96-6D83-46DD-A118-BECCCFD74366}.Debug|Any CPU.ActiveCfg = Debug|Any CPU
		{464A5E96-6D83-46DD-A118-BECCCFD74366}.Debug|Any CPU.Build.0 = Debug|Any CPU
		{464A5E96-6D83-46DD-A118-BECCCFD74366}.Release|Any CPU.ActiveCfg = Release|Any CPU
		{464A5E96-6D83-46DD-A118-BECCCFD74366}.Release|Any CPU.Build.0 = Release|Any CPU
		{BE9295D1-93F7-4336-A30A-F8A864141678}.Debug|Any CPU.ActiveCfg = Debug|Any CPU
		{BE9295D1-93F7-4336-A30A-F8A864141678}.Debug|Any CPU.Build.0 = Debug|Any CPU
		{BE9295D1-93F7-4336-A30A-F8A864141678}.Release|Any CPU.ActiveCfg = Release|Any CPU
		{BE9295D1-93F7-4336-A30A-F8A864141678}.Release|Any CPU.Build.0 = Release|Any CPU
		{F7A55D15-6ADC-44F8-A940-47034451437E}.Debug|Any CPU.ActiveCfg = Debug|Any CPU
		{F7A55D15-6ADC-44F8-A940-47034451437E}.Debug|Any CPU.Build.0 = Debug|Any CPU
		{F7A55D15-6ADC-44F8-A940-47034451437E}.Release|Any CPU.ActiveCfg = Release|Any CPU
		{F7A55D15-6ADC-44F8-A940-47034451437E}.Release|Any CPU.Build.0 = Release|Any CPU
		{A368403A-8A0E-4861-8CCC-10B346A4E385}.Debug|Any CPU.ActiveCfg = Debug|Any CPU
		{A368403A-8A0E-4861-8CCC-10B346A4E385}.Debug|Any CPU.Build.0 = Debug|Any CPU
		{A368403A-8A0E-4861-8CCC-10B346A4E385}.Release|Any CPU.ActiveCfg = Release|Any CPU
		{A368403A-8A0E-4861-8CCC-10B346A4E385}.Release|Any CPU.Build.0 = Release|Any CPU
		{7F284815-56CB-4593-A965-94410BEFE367}.Debug|Any CPU.ActiveCfg = Debug|Any CPU
		{7F284815-56CB-4593-A965-94410BEFE367}.Debug|Any CPU.Build.0 = Debug|Any CPU
		{7F284815-56CB-4593-A965-94410BEFE367}.Release|Any CPU.ActiveCfg = Release|Any CPU
		{7F284815-56CB-4593-A965-94410BEFE367}.Release|Any CPU.Build.0 = Release|Any CPU
		{491A477B-048B-4224-A62A-46D051CE35FE}.Debug|Any CPU.ActiveCfg = Debug|Any CPU
		{491A477B-048B-4224-A62A-46D051CE35FE}.Debug|Any CPU.Build.0 = Debug|Any CPU
		{491A477B-048B-4224-A62A-46D051CE35FE}.Release|Any CPU.ActiveCfg = Release|Any CPU
		{491A477B-048B-4224-A62A-46D051CE35FE}.Release|Any CPU.Build.0 = Release|Any CPU
		{CD64B761-5BF5-4CAB-82DD-35FF44777D2B}.Debug|Any CPU.ActiveCfg = Debug|Any CPU
		{CD64B761-5BF5-4CAB-82DD-35FF44777D2B}.Debug|Any CPU.Build.0 = Debug|Any CPU
		{CD64B761-5BF5-4CAB-82DD-35FF44777D2B}.Release|Any CPU.ActiveCfg = Release|Any CPU
		{CD64B761-5BF5-4CAB-82DD-35FF44777D2B}.Release|Any CPU.Build.0 = Release|Any CPU
		{757D53C8-91CE-4D69-BB3F-CB70325EC5DE}.Debug|Any CPU.ActiveCfg = Debug|Any CPU
		{757D53C8-91CE-4D69-BB3F-CB70325EC5DE}.Debug|Any CPU.Build.0 = Debug|Any CPU
		{757D53C8-91CE-4D69-BB3F-CB70325EC5DE}.Release|Any CPU.ActiveCfg = Release|Any CPU
		{757D53C8-91CE-4D69-BB3F-CB70325EC5DE}.Release|Any CPU.Build.0 = Release|Any CPU
		{5EE8D0EC-3D7E-4733-A852-351247EC5D1A}.Debug|Any CPU.ActiveCfg = Debug|Any CPU
		{5EE8D0EC-3D7E-4733-A852-351247EC5D1A}.Debug|Any CPU.Build.0 = Debug|Any CPU
		{5EE8D0EC-3D7E-4733-A852-351247EC5D1A}.Release|Any CPU.ActiveCfg = Release|Any CPU
		{5EE8D0EC-3D7E-4733-A852-351247EC5D1A}.Release|Any CPU.Build.0 = Release|Any CPU
		{5640E0AA-5D32-4DEB-9259-61628AACCB7D}.Debug|Any CPU.ActiveCfg = Debug|Any CPU
		{5640E0AA-5D32-4DEB-9259-61628AACCB7D}.Debug|Any CPU.Build.0 = Debug|Any CPU
		{5640E0AA-5D32-4DEB-9259-61628AACCB7D}.Release|Any CPU.ActiveCfg = Release|Any CPU
		{5640E0AA-5D32-4DEB-9259-61628AACCB7D}.Release|Any CPU.Build.0 = Release|Any CPU
		{3516B0D7-EAE4-4A58-B2D2-3B1A5316DFBA}.Debug|Any CPU.ActiveCfg = Debug|Any CPU
		{3516B0D7-EAE4-4A58-B2D2-3B1A5316DFBA}.Debug|Any CPU.Build.0 = Debug|Any CPU
		{3516B0D7-EAE4-4A58-B2D2-3B1A5316DFBA}.Release|Any CPU.ActiveCfg = Release|Any CPU
		{3516B0D7-EAE4-4A58-B2D2-3B1A5316DFBA}.Release|Any CPU.Build.0 = Release|Any CPU
		{E15EB5A3-E2CB-4824-B3D0-5CC2E7CE2EB5}.Debug|Any CPU.ActiveCfg = Debug|Any CPU
		{E15EB5A3-E2CB-4824-B3D0-5CC2E7CE2EB5}.Debug|Any CPU.Build.0 = Debug|Any CPU
		{E15EB5A3-E2CB-4824-B3D0-5CC2E7CE2EB5}.Release|Any CPU.ActiveCfg = Release|Any CPU
		{E15EB5A3-E2CB-4824-B3D0-5CC2E7CE2EB5}.Release|Any CPU.Build.0 = Release|Any CPU
		{4B12BF02-3325-4D96-8ED8-A2075A552D17}.Debug|Any CPU.ActiveCfg = Debug|Any CPU
		{4B12BF02-3325-4D96-8ED8-A2075A552D17}.Debug|Any CPU.Build.0 = Debug|Any CPU
		{4B12BF02-3325-4D96-8ED8-A2075A552D17}.Release|Any CPU.ActiveCfg = Release|Any CPU
		{4B12BF02-3325-4D96-8ED8-A2075A552D17}.Release|Any CPU.Build.0 = Release|Any CPU
		{92670A46-4DAB-4BDD-A44F-0648489F978F}.Debug|Any CPU.ActiveCfg = Debug|Any CPU
		{92670A46-4DAB-4BDD-A44F-0648489F978F}.Debug|Any CPU.Build.0 = Debug|Any CPU
		{92670A46-4DAB-4BDD-A44F-0648489F978F}.Release|Any CPU.ActiveCfg = Release|Any CPU
		{92670A46-4DAB-4BDD-A44F-0648489F978F}.Release|Any CPU.Build.0 = Release|Any CPU
		{A499C59F-36FE-4D09-BA0B-CE562B1F59B3}.Debug|Any CPU.ActiveCfg = Debug|Any CPU
		{A499C59F-36FE-4D09-BA0B-CE562B1F59B3}.Debug|Any CPU.Build.0 = Debug|Any CPU
		{A499C59F-36FE-4D09-BA0B-CE562B1F59B3}.Release|Any CPU.ActiveCfg = Release|Any CPU
		{A499C59F-36FE-4D09-BA0B-CE562B1F59B3}.Release|Any CPU.Build.0 = Release|Any CPU
		{2E3C0D9D-3B6D-43B1-A1A0-447D81507B1E}.Debug|Any CPU.ActiveCfg = Debug|Any CPU
		{2E3C0D9D-3B6D-43B1-A1A0-447D81507B1E}.Debug|Any CPU.Build.0 = Debug|Any CPU
		{2E3C0D9D-3B6D-43B1-A1A0-447D81507B1E}.Release|Any CPU.ActiveCfg = Release|Any CPU
		{2E3C0D9D-3B6D-43B1-A1A0-447D81507B1E}.Release|Any CPU.Build.0 = Release|Any CPU
	EndGlobalSection
	GlobalSection(SolutionProperties) = preSolution
		HideSolutionNode = FALSE
	EndGlobalSection
	GlobalSection(ExtensibilityGlobals) = postSolution
		SolutionGuid = {FCFF183A-0406-4763-8F4D-4948D1DA0AE6}
	EndGlobalSection
EndGlobal
